
Microsoft Visual Studio Solution File, Format Version 12.00
# Visual Studio Version 17
VisualStudioVersion = 17.14.36414.22 d17.14
MinimumVisualStudioVersion = 10.0.40219.1
Project("{FAE04EC0-301F-11D3-BF4B-00C04F79EFBC}") = "CreditAI.Orchestrator", "CreditAI.Orchestrator.csproj", "{248A8141-28FA-EC9C-E8B1-67840E8918ED}"
EndProject
Global
	GlobalSection(SolutionConfigurationPlatforms) = preSolution
		Debug|Any CPU = Debug|Any CPU
		Release|Any CPU = Release|Any CPU
	EndGlobalSection
	GlobalSection(ProjectConfigurationPlatforms) = postSolution
		{248A8141-28FA-EC9C-E8B1-67840E8918ED}.Debug|Any CPU.ActiveCfg = Debug|Any CPU
		{248A8141-28FA-EC9C-E8B1-67840E8918ED}.Debug|Any CPU.Build.0 = Debug|Any CPU
		{248A8141-28FA-EC9C-E8B1-67840E8918ED}.Release|Any CPU.ActiveCfg = Release|Any CPU
		{248A8141-28FA-EC9C-E8B1-67840E8918ED}.Release|Any CPU.Build.0 = Release|Any CPU
	EndGlobalSection
	GlobalSection(SolutionProperties) = preSolution
		HideSolutionNode = FALSE
	EndGlobalSection
	GlobalSection(ExtensibilityGlobals) = postSolution
		SolutionGuid = {20E32353-730F-43C9-88C3-A3693FB612AD}
	EndGlobalSection
EndGlobal
