
Microsoft Visual Studio Solution File, Format Version 12.00
# Visual Studio Version 17
VisualStudioVersion = 17.14.36408.4 d17.14
MinimumVisualStudioVersion = 10.0.40219.1
Project("{FAE04EC0-301F-11D3-BF4B-00C04F79EFBC}") = "LogSimulation", "LogSimulation\LogSimulation.csproj", "{2DEE0BDE-CB04-415A-8B97-E7C03A01AA7A}"
EndProject
Global
	GlobalSection(SolutionConfigurationPlatforms) = preSolution
		Debug|Any CPU = Debug|Any CPU
		Release|Any CPU = Release|Any CPU
	EndGlobalSection
	GlobalSection(ProjectConfigurationPlatforms) = postSolution
		{2DEE0BDE-CB04-415A-8B97-E7C03A01AA7A}.Debug|Any CPU.ActiveCfg = Debug|Any CPU
		{2DEE0BDE-CB04-415A-8B97-E7C03A01AA7A}.Debug|Any CPU.Build.0 = Debug|Any CPU
		{2DEE0BDE-CB04-415A-8B97-E7C03A01AA7A}.Release|Any CPU.ActiveCfg = Release|Any CPU
		{2DEE0BDE-CB04-415A-8B97-E7C03A01AA7A}.Release|Any CPU.Build.0 = Release|Any CPU
	EndGlobalSection
	GlobalSection(SolutionProperties) = preSolution
		HideSolutionNode = FALSE
	EndGlobalSection
	GlobalSection(ExtensibilityGlobals) = postSolution
		SolutionGuid = {AD74BC25-C6C4-44C3-883F-0EF91C4E5148}
	EndGlobalSection
EndGlobal
